
Microsoft Visual Studio Solution File, Format Version 12.00
# Visual Studio Version 17
VisualStudioVersion = 17.7.34003.232
MinimumVisualStudioVersion = 10.0.40219.1
Project("{FAE04EC0-301F-11D3-BF4B-00C04F79EFBC}") = "xl2json", "xl2json\xl2json.csproj", "{34904F6D-35FF-4EE2-9ED2-54D0A9CAAFF9}"
EndProject
Global
	GlobalSection(SolutionConfigurationPlatforms) = preSolution
		Debug|Any CPU = Debug|Any CPU
		Release|Any CPU = Release|Any CPU
	EndGlobalSection
	GlobalSection(ProjectConfigurationPlatforms) = postSolution
		{34904F6D-35FF-4EE2-9ED2-54D0A9CAAFF9}.Debug|Any CPU.ActiveCfg = Debug|Any CPU
		{34904F6D-35FF-4EE2-9ED2-54D0A9CAAFF9}.Debug|Any CPU.Build.0 = Debug|Any CPU
		{34904F6D-35FF-4EE2-9ED2-54D0A9CAAFF9}.Release|Any CPU.ActiveCfg = Release|Any CPU
		{34904F6D-35FF-4EE2-9ED2-54D0A9CAAFF9}.Release|Any CPU.Build.0 = Release|Any CPU
	EndGlobalSection
	GlobalSection(SolutionProperties) = preSolution
		HideSolutionNode = FALSE
	EndGlobalSection
	GlobalSection(ExtensibilityGlobals) = postSolution
		SolutionGuid = {E49B1572-F9FF-481F-A0EB-2171B75686FC}
	EndGlobalSection
EndGlobal
